
Microsoft Visual Studio Solution File, Format Version 12.00
# Visual Studio Version 17
VisualStudioVersion = 17.3.32825.248
MinimumVisualStudioVersion = 10.0.40219.1
Project("{FAE04EC0-301F-11D3-BF4B-00C04F79EFBC}") = "class", "class\class.csproj", "{199658FD-72E9-467D-BA84-F25537EDE9B3}"
EndProject
Project("{FAE04EC0-301F-11D3-BF4B-00C04F79EFBC}") = "Example 2", "Example 2\Example 2.csproj", "{FB2FE111-4E32-482B-8874-D291CEA70703}"
EndProject
Global
	GlobalSection(SolutionConfigurationPlatforms) = preSolution
		Debug|Any CPU = Debug|Any CPU
		Release|Any CPU = Release|Any CPU
	EndGlobalSection
	GlobalSection(ProjectConfigurationPlatforms) = postSolution
		{199658FD-72E9-467D-BA84-F25537EDE9B3}.Debug|Any CPU.ActiveCfg = Debug|Any CPU
		{199658FD-72E9-467D-BA84-F25537EDE9B3}.Debug|Any CPU.Build.0 = Debug|Any CPU
		{199658FD-72E9-467D-BA84-F25537EDE9B3}.Release|Any CPU.ActiveCfg = Release|Any CPU
		{199658FD-72E9-467D-BA84-F25537EDE9B3}.Release|Any CPU.Build.0 = Release|Any CPU
		{FB2FE111-4E32-482B-8874-D291CEA70703}.Debug|Any CPU.ActiveCfg = Debug|Any CPU
		{FB2FE111-4E32-482B-8874-D291CEA70703}.Debug|Any CPU.Build.0 = Debug|Any CPU
		{FB2FE111-4E32-482B-8874-D291CEA70703}.Release|Any CPU.ActiveCfg = Release|Any CPU
		{FB2FE111-4E32-482B-8874-D291CEA70703}.Release|Any CPU.Build.0 = Release|Any CPU
	EndGlobalSection
	GlobalSection(SolutionProperties) = preSolution
		HideSolutionNode = FALSE
	EndGlobalSection
	GlobalSection(ExtensibilityGlobals) = postSolution
		SolutionGuid = {8843F186-D26A-4448-8A75-2CF0C022250A}
	EndGlobalSection
EndGlobal
